<Solution>
  <Configurations>
    <BuildType Name="BreedLaboratorySexMachineNormal" />
    <BuildType Name="BreedLaboratorySexMachineSlow" />
    <BuildType Name="BreedLaboratorySexMachineSlower" />
    <BuildType Name="Debug" />
    <BuildType Name="Release" />
  </Configurations>
  <Project Path="BreederLaboratorySexMachine/BreederLaboratorySexMachine.csproj" Id="9a1b37a3-1649-4526-b452-d7571806424e" />
</Solution>
